{
  "dependencies": {
    "concat-with-sourcemaps": {
      "version": "1.0.4",
      "resolved": "https://registry.npmjs.org/concat-with-sourcemaps/-/concat-with-sourcemaps-1.0.4.tgz",
      "from": "concat-with-sourcemaps@https://registry.npmjs.org/concat-with-sourcemaps/-/concat-with-sourcemaps-1.0.4.tgz"
    },
    "source-map": {
      "version": "0.5.7",
      "resolved": "https://registry.npmjs.org/source-map/-/source-map-0.5.7.tgz",
      "from": "source-map@https://registry.npmjs.org/source-map/-/source-map-0.5.7.tgz"
    }
  }
}
